
Microsoft Visual Studio Solution File, Format Version 12.00
# Visual Studio 14
VisualStudioVersion = 14.0.23107.0
MinimumVisualStudioVersion = 10.0.40219.1
Project("{FAE04EC0-301F-11D3-BF4B-00C04F79EFBC}") = "Dingyzh.Demo.WebApi", "Dingyzh.Demo.WebApi\Dingyzh.Demo.WebApi.csproj", "{F39D736F-A0D8-4EC0-81C6-DB2776E1DA1E}"
EndProject
Project("{FAE04EC0-301F-11D3-BF4B-00C04F79EFBC}") = "Dingyzh.Demo.WebApi.Tests", "Dingyzh.Demo.WebApi.Tests\Dingyzh.Demo.WebApi.Tests.csproj", "{20E4A1BD-DEEC-49D3-BDFE-6F4E11967FAD}"
EndProject
Global
	GlobalSection(SolutionConfigurationPlatforms) = preSolution
		Debug|Any CPU = Debug|Any CPU
		Release|Any CPU = Release|Any CPU
	EndGlobalSection
	GlobalSection(ProjectConfigurationPlatforms) = postSolution
		{F39D736F-A0D8-4EC0-81C6-DB2776E1DA1E}.Debug|Any CPU.ActiveCfg = Debug|Any CPU
		{F39D736F-A0D8-4EC0-81C6-DB2776E1DA1E}.Debug|Any CPU.Build.0 = Debug|Any CPU
		{F39D736F-A0D8-4EC0-81C6-DB2776E1DA1E}.Release|Any CPU.ActiveCfg = Release|Any CPU
		{F39D736F-A0D8-4EC0-81C6-DB2776E1DA1E}.Release|Any CPU.Build.0 = Release|Any CPU
		{20E4A1BD-DEEC-49D3-BDFE-6F4E11967FAD}.Debug|Any CPU.ActiveCfg = Debug|Any CPU
		{20E4A1BD-DEEC-49D3-BDFE-6F4E11967FAD}.Debug|Any CPU.Build.0 = Debug|Any CPU
		{20E4A1BD-DEEC-49D3-BDFE-6F4E11967FAD}.Release|Any CPU.ActiveCfg = Release|Any CPU
		{20E4A1BD-DEEC-49D3-BDFE-6F4E11967FAD}.Release|Any CPU.Build.0 = Release|Any CPU
	EndGlobalSection
	GlobalSection(SolutionProperties) = preSolution
		HideSolutionNode = FALSE
	EndGlobalSection
EndGlobal
